
Microsoft Visual Studio Solution File, Format Version 12.00
# Visual Studio 15
VisualStudioVersion = 15.0.27703.2026
MinimumVisualStudioVersion = 10.0.40219.1
Project("{FAE04EC0-301F-11D3-BF4B-00C04F79EFBC}") = "FileService.Core", "FileService.Core\FileService.Core.csproj", "{25543FE3-0070-4D94-992B-EF260A3C4BA3}"
EndProject
Global
	GlobalSection(SolutionConfigurationPlatforms) = preSolution
		Debug|Any CPU = Debug|Any CPU
		Release|Any CPU = Release|Any CPU
	EndGlobalSection
	GlobalSection(ProjectConfigurationPlatforms) = postSolution
		{25543FE3-0070-4D94-992B-EF260A3C4BA3}.Debug|Any CPU.ActiveCfg = Debug|Any CPU
		{25543FE3-0070-4D94-992B-EF260A3C4BA3}.Debug|Any CPU.Build.0 = Debug|Any CPU
		{25543FE3-0070-4D94-992B-EF260A3C4BA3}.Release|Any CPU.ActiveCfg = Release|Any CPU
		{25543FE3-0070-4D94-992B-EF260A3C4BA3}.Release|Any CPU.Build.0 = Release|Any CPU
	EndGlobalSection
	GlobalSection(SolutionProperties) = preSolution
		HideSolutionNode = FALSE
	EndGlobalSection
	GlobalSection(ExtensibilityGlobals) = postSolution
		SolutionGuid = {90766CE0-9BE7-44E6-9037-D9312CACB346}
	EndGlobalSection
	GlobalSection(TeamFoundationVersionControl) = preSolution
		SccNumberOfProjects = 2
		SccEnterpriseProvider = {4CA58AB2-18FA-4F8D-95D4-32DDF27D184C}
		SccTeamFoundationServer = http://220.194.14.77:8080/tfs/%E7%A7%BB%E5%8A%A8%E4%BA%92%E8%81%94%E9%A1%B9%E7%9B%AE
		SccLocalPath0 = .
		SccProjectUniqueName1 = FileService.Core\\FileService.Core.csproj
		SccProjectName1 = FileService.Core
		SccLocalPath1 = FileService.Core
	EndGlobalSection
EndGlobal
